// !$*UTF8*$!
{
	archiveVersion = 1;
	classes = {
	};
	objectVersion = 50;
	objects = {

/* Begin PBXBuildFile section */
		7A12D942226080EA00D15182 /* AppDelegate.m in Sources */ = {isa = PBXBuildFile; fileRef = 7A12D941226080EA00D15182 /* AppDelegate.m */; };
		7A12D945226080EA00D15182 /* ViewController.m in Sources */ = {isa = PBXBuildFile; fileRef = 7A12D944226080EA00D15182 /* ViewController.m */; };
		7A12D948226080EA00D15182 /* Main.storyboard in Resources */ = {isa = PBXBuildFile; fileRef = 7A12D946226080EA00D15182 /* Main.storyboard */; };
		7A12D94A226080EC00D15182 /* Assets.xcassets in Resources */ = {isa = PBXBuildFile; fileRef = 7A12D949226080EC00D15182 /* Assets.xcassets */; };
		7A12D94D226080EC00D15182 /* LaunchScreen.storyboard in Resources */ = {isa = PBXBuildFile; fileRef = 7A12D94B226080EC00D15182 /* LaunchScreen.storyboard */; };
		7A12D950226080EC00D15182 /* main.m in Sources */ = {isa = PBXBuildFile; fileRef = 7A12D94F226080EC00D15182 /* main.m */; };
		7A12D95A226080EC00D15182 /* gifFileDemoTests.m in Sources */ = {isa = PBXBuildFile; fileRef = 7A12D959226080EC00D15182 /* gifFileDemoTests.m */; };
		7A12D965226080EC00D15182 /* gifFileDemoUITests.m in Sources */ = {isa = PBXBuildFile; fileRef = 7A12D964226080EC00D15182 /* gifFileDemoUITests.m */; };
/* End PBXBuildFile section */

/* Begin PBXContainerItemProxy section */
		7A12D956226080EC00D15182 /* PBXContainerItemProxy */ = {
			isa = PBXContainerItemProxy;
			containerPortal = 7A12D935226080EA00D15182 /* Project object */;
			proxyType = 1;
			remoteGlobalIDString = 7A12D93C226080EA00D15182;
			remoteInfo = gifFileDemo;
		};
		7A12D961226080EC00D15182 /* PBXContainerItemProxy */ = {
			isa = PBXContainerItemProxy;
			containerPortal = 7A12D935226080EA00D15182 /* Project object */;
			proxyType = 1;
			remoteGlobalIDString = 7A12D93C226080EA00D15182;
			remoteInfo = gifFileDemo;
		};
/* End PBXContainerItemProxy section */

/* Begin PBXFileReference section */
		7A12D93D226080EA00D15182 /* gifFileDemo.app */ = {isa = PBXFileReference; explicitFileType = wrapper.application; includeInIndex = 0; path = gifFileDemo.app; sourceTree = BUILT_PRODUCTS_DIR; };
		7A12D940226080EA00D15182 /* AppDelegate.h */ = {isa = PBXFileReference; lastKnownFileType = sourcecode.c.h; path = AppDelegate.h; sourceTree = "<group>"; };
		7A12D941226080EA00D15182 /* AppDelegate.m */ = {isa = PBXFileReference; lastKnownFileType = sourcecode.c.objc; path = AppDelegate.m; sourceTree = "<group>"; };
		7A12D943226080EA00D15182 /* ViewController.h */ = {isa = PBXFileReference; lastKnownFileType = sourcecode.c.h; path = ViewController.h; sourceTree = "<group>"; };
		7A12D944226080EA00D15182 /* ViewController.m */ = {isa = PBXFileReference; lastKnownFileType = sourcecode.c.objc; path = ViewController.m; sourceTree = "<group>"; };
		7A12D947226080EA00D15182 /* Base */ = {isa = PBXFileReference; lastKnownFileType = file.storyboard; name = Base; path = Base.lproj/Main.storyboard; sourceTree = "<group>"; };
		7A12D949226080EC00D15182 /* Assets.xcassets */ = {isa = PBXFileReference; lastKnownFileType = folder.assetcatalog; path = Assets.xcassets; sourceTree = "<group>"; };
		7A12D94C226080EC00D15182 /* Base */ = {isa = PBXFileReference; lastKnownFileType = file.storyboard; name = Base; path = Base.lproj/LaunchScreen.storyboard; sourceTree = "<group>"; };
		7A12D94E226080EC00D15182 /* Info.plist */ = {isa = PBXFileReference; lastKnownFileType = text.plist.xml; path = Info.plist; sourceTree = "<group>"; };
		7A12D94F226080EC00D15182 /* main.m */ = {isa = PBXFileReference; lastKnownFileType = sourcecode.c.objc; path = main.m; sourceTree = "<group>"; };
		7A12D955226080EC00D15182 /* gifFileDemoTests.xctest */ = {isa = PBXFileReference; explicitFileType = wrapper.cfbundle; includeInIndex = 0; path = gifFileDemoTests.xctest; sourceTree = BUILT_PRODUCTS_DIR; };
		7A12D959226080EC00D15182 /* gifFileDemoTests.m */ = {isa = PBXFileReference; lastKnownFileType = sourcecode.c.objc; path = gifFileDemoTests.m; sourceTree = "<group>"; };
		7A12D95B226080EC00D15182 /* Info.plist */ = {isa = PBXFileReference; lastKnownFileType = text.plist.xml; path = Info.plist; sourceTree = "<group>"; };
		7A12D960226080EC00D15182 /* gifFileDemoUITests.xctest */ = {isa = PBXFileReference; explicitFileType = wrapper.cfbundle; includeInIndex = 0; path = gifFileDemoUITests.xctest; sourceTree = BUILT_PRODUCTS_DIR; };
		7A12D964226080EC00D15182 /* gifFileDemoUITests.m */ = {isa = PBXFileReference; lastKnownFileType = sourcecode.c.objc; path = gifFileDemoUITests.m; sourceTree = "<group>"; };
		7A12D966226080EC00D15182 /* Info.plist */ = {isa = PBXFileReference; lastKnownFileType = text.plist.xml; path = Info.plist; sourceTree = "<group>"; };
/* End PBXFileReference section */

/* Begin PBXFrameworksBuildPhase section */
		7A12D93A226080EA00D15182 /* Frameworks */ = {
			isa = PBXFrameworksBuildPhase;
			buildActionMask = 2147483647;
			files = (
			);
			runOnlyForDeploymentPostprocessing = 0;
		};
		7A12D952226080EC00D15182 /* Frameworks */ = {
			isa = PBXFrameworksBuildPhase;
			buildActionMask = 2147483647;
			files = (
			);
			runOnlyForDeploymentPostprocessing = 0;
		};
		7A12D95D226080EC00D15182 /* Frameworks */ = {
			isa = PBXFrameworksBuildPhase;
			buildActionMask = 2147483647;
			files = (
			);
			runOnlyForDeploymentPostprocessing = 0;
		};
/* End PBXFrameworksBuildPhase section */

/* Begin PBXGroup section */
		7A12D934226080EA00D15182 = {
			isa = PBXGroup;
			children = (
				7A12D93F226080EA00D15182 /* gifFileDemo */,
				7A12D958226080EC00D15182 /* gifFileDemoTests */,
				7A12D963226080EC00D15182 /* gifFileDemoUITests */,
				7A12D93E226080EA00D15182 /* Products */,
			);
			sourceTree = "<group>";
		};
		7A12D93E226080EA00D15182 /* Products */ = {
			isa = PBXGroup;
			children = (
				7A12D93D226080EA00D15182 /* gifFileDemo.app */,
				7A12D955226080EC00D15182 /* gifFileDemoTests.xctest */,
				7A12D960226080EC00D15182 /* gifFileDemoUITests.xctest */,
			);
			name = Products;
			sourceTree = "<group>";
		};
		7A12D93F226080EA00D15182 /* gifFileDemo */ = {
			isa = PBXGroup;
			children = (
				7A12D940226080EA00D15182 /* AppDelegate.h */,
				7A12D941226080EA00D15182 /* AppDelegate.m */,
				7A12D943226080EA00D15182 /* ViewController.h */,
				7A12D944226080EA00D15182 /* ViewController.m */,
				7A12D946226080EA00D15182 /* Main.storyboard */,
				7A12D949226080EC00D15182 /* Assets.xcassets */,
				7A12D94B226080EC00D15182 /* LaunchScreen.storyboard */,
				7A12D94E226080EC00D15182 /* Info.plist */,
				7A12D94F226080EC00D15182 /* main.m */,
			);
			path = gifFileDemo;
			sourceTree = "<group>";
		};
		7A12D958226080EC00D15182 /* gifFileDemoTests */ = {
			isa = PBXGroup;
			children = (
				7A12D959226080EC00D15182 /* gifFileDemoTests.m */,
				7A12D95B226080EC00D15182 /* Info.plist */,
			);
			path = gifFileDemoTests;
			sourceTree = "<group>";
		};
		7A12D963226080EC00D15182 /* gifFileDemoUITests */ = {
			isa = PBXGroup;
			children = (
				7A12D964226080EC00D15182 /* gifFileDemoUITests.m */,
				7A12D966226080EC00D15182 /* Info.plist */,
			);
			path = gifFileDemoUITests;
			sourceTree = "<group>";
		};
/* End PBXGroup section */

/* Begin PBXNativeTarget section */
		7A12D93C226080EA00D15182 /* gifFileDemo */ = {
			isa = PBXNativeTarget;
			buildConfigurationList = 7A12D969226080EC00D15182 /* Build configuration list for PBXNativeTarget "gifFileDemo" */;
			buildPhases = (
				7A12D939226080EA00D15182 /* Sources */,
				7A12D93A226080EA00D15182 /* Frameworks */,
				7A12D93B226080EA00D15182 /* Resources */,
			);
			buildRules = (
			);
			dependencies = (
			);
			name = gifFileDemo;
			productName = gifFileDemo;
			productReference = 7A12D93D226080EA00D15182 /* gifFileDemo.app */;
			productType = "com.apple.product-type.application";
		};
		7A12D954226080EC00D15182 /* gifFileDemoTests */ = {
			isa = PBXNativeTarget;
			buildConfigurationList = 7A12D96C226080EC00D15182 /* Build configuration list for PBXNativeTarget "gifFileDemoTests" */;
			buildPhases = (
				7A12D951226080EC00D15182 /* Sources */,
				7A12D952226080EC00D15182 /* Frameworks */,
				7A12D953226080EC00D15182 /* Resources */,
			);
			buildRules = (
			);
			dependencies = (
				7A12D957226080EC00D15182 /* PBXTargetDependency */,
			);
			name = gifFileDemoTests;
			productName = gifFileDemoTests;
			productReference = 7A12D955226080EC00D15182 /* gifFileDemoTests.xctest */;
			productType = "com.apple.product-type.bundle.unit-test";
		};
		7A12D95F226080EC00D15182 /* gifFileDemoUITests */ = {
			isa = PBXNativeTarget;
			buildConfigurationList = 7A12D96F226080EC00D15182 /* Build configuration list for PBXNativeTarget "gifFileDemoUITests" */;
			buildPhases = (
				7A12D95C226080EC00D15182 /* Sources */,
				7A12D95D226080EC00D15182 /* Frameworks */,
				7A12D95E226080EC00D15182 /* Resources */,
			);
			buildRules = (
			);
			dependencies = (
				7A12D962226080EC00D15182 /* PBXTargetDependency */,
			);
			name = gifFileDemoUITests;
			productName = gifFileDemoUITests;
			productReference = 7A12D960226080EC00D15182 /* gifFileDemoUITests.xctest */;
			productType = "com.apple.product-type.bundle.ui-testing";
		};
/* End PBXNativeTarget section */

/* Begin PBXProject section */
		7A12D935226080EA00D15182 /* Project object */ = {
			isa = PBXProject;
			attributes = {
				LastUpgradeCheck = 1010;
				ORGANIZATIONNAME = zyy;
				TargetAttributes = {
					7A12D93C226080EA00D15182 = {
						CreatedOnToolsVersion = 10.1;
					};
					7A12D954226080EC00D15182 = {
						CreatedOnToolsVersion = 10.1;
						TestTargetID = 7A12D93C226080EA00D15182;
					};
					7A12D95F226080EC00D15182 = {
						CreatedOnToolsVersion = 10.1;
						TestTargetID = 7A12D93C226080EA00D15182;
					};
				};
			};
			buildConfigurationList = 7A12D938226080EA00D15182 /* Build configuration list for PBXProject "gifFileDemo" */;
			compatibilityVersion = "Xcode 9.3";
			developmentRegion = en;
			hasScannedForEncodings = 0;
			knownRegions = (
				en,
				Base,
			);
			mainGroup = 7A12D934226080EA00D15182;
			productRefGroup = 7A12D93E226080EA00D15182 /* Products */;
			projectDirPath = "";
			projectRoot = "";
			targets = (
				7A12D93C226080EA00D15182 /* gifFileDemo */,
				7A12D954226080EC00D15182 /* gifFileDemoTests */,
				7A12D95F226080EC00D15182 /* gifFileDemoUITests */,
			);
		};
/* End PBXProject section */

/* Begin PBXResourcesBuildPhase section */
		7A12D93B226080EA00D15182 /* Resources */ = {
			isa = PBXResourcesBuildPhase;
			buildActionMask = 2147483647;
			files = (
				7A12D94D226080EC00D15182 /* LaunchScreen.storyboard in Resources */,
				7A12D94A226080EC00D15182 /* Assets.xcassets in Resources */,
				7A12D948226080EA00D15182 /* Main.storyboard in Resources */,
			);
			runOnlyForDeploymentPostprocessing = 0;
		};
		7A12D953226080EC00D15182 /* Resources */ = {
			isa = PBXResourcesBuildPhase;
			buildActionMask = 2147483647;
			files = (
			);
			runOnlyForDeploymentPostprocessing = 0;
		};
		7A12D95E226080EC00D15182 /* Resources */ = {
			isa = PBXResourcesBuildPhase;
			buildActionMask = 2147483647;
			files = (
			);
			runOnlyForDeploymentPostprocessing = 0;
		};
/* End PBXResourcesBuildPhase section */

/* Begin PBXSourcesBuildPhase section */
		7A12D939226080EA00D15182 /* Sources */ = {
			isa = PBXSourcesBuildPhase;
			buildActionMask = 2147483647;
			files = (
				7A12D945226080EA00D15182 /* ViewController.m in Sources */,
				7A12D950226080EC00D15182 /* main.m in Sources */,
				7A12D942226080EA00D15182 /* AppDelegate.m in Sources */,
			);
			runOnlyForDeploymentPostprocessing = 0;
		};
		7A12D951226080EC00D15182 /* Sources */ = {
			isa = PBXSourcesBuildPhase;
			buildActionMask = 2147483647;
			files = (
				7A12D95A226080EC00D15182 /* gifFileDemoTests.m in Sources */,
			);
			runOnlyForDeploymentPostprocessing = 0;
		};
		7A12D95C226080EC00D15182 /* Sources */ = {
			isa = PBXSourcesBuildPhase;
			buildActionMask = 2147483647;
			files = (
				7A12D965226080EC00D15182 /* gifFileDemoUITests.m in Sources */,
			);
			runOnlyForDeploymentPostprocessing = 0;
		};
/* End PBXSourcesBuildPhase section */

/* Begin PBXTargetDependency section */
		7A12D957226080EC00D15182 /* PBXTargetDependency */ = {
			isa = PBXTargetDependency;
			target = 7A12D93C226080EA00D15182 /* gifFileDemo */;
			targetProxy = 7A12D956226080EC00D15182 /* PBXContainerItemProxy */;
		};
		7A12D962226080EC00D15182 /* PBXTargetDependency */ = {
			isa = PBXTargetDependency;
			target = 7A12D93C226080EA00D15182 /* gifFileDemo */;
			targetProxy = 7A12D961226080EC00D15182 /* PBXContainerItemProxy */;
		};
/* End PBXTargetDependency section */

/* Begin PBXVariantGroup section */
		7A12D946226080EA00D15182 /* Main.storyboard */ = {
			isa = PBXVariantGroup;
			children = (
				7A12D947226080EA00D15182 /* Base */,
			);
			name = Main.storyboard;
			sourceTree = "<group>";
		};
		7A12D94B226080EC00D15182 /* LaunchScreen.storyboard */ = {
			isa = PBXVariantGroup;
			children = (
				7A12D94C226080EC00D15182 /* Base */,
			);
			name = LaunchScreen.storyboard;
			sourceTree = "<group>";
		};
/* End PBXVariantGroup section */

/* Begin XCBuildConfiguration section */
		7A12D967226080EC00D15182 /* Debug */ = {
			isa = XCBuildConfiguration;
			buildSettings = {
				ALWAYS_SEARCH_USER_PATHS = NO;
				CLANG_ANALYZER_NONNULL = YES;
				CLANG_ANALYZER_NUMBER_OBJECT_CONVERSION = YES_AGGRESSIVE;
				CLANG_CXX_LANGUAGE_STANDARD = "gnu++14";
				CLANG_CXX_LIBRARY = "libc++";
				CLANG_ENABLE_MODULES = YES;
				CLANG_ENABLE_OBJC_ARC = YES;
				CLANG_ENABLE_OBJC_WEAK = YES;
				CLANG_WARN_BLOCK_CAPTURE_AUTORELEASING = YES;
				CLANG_WARN_BOOL_CONVERSION = YES;
				CLANG_WARN_COMMA = YES;
				CLANG_WARN_CONSTANT_CONVERSION = YES;
				CLANG_WARN_DEPRECATED_OBJC_IMPLEMENTATIONS = YES;
				CLANG_WARN_DIRECT_OBJC_ISA_USAGE = YES_ERROR;
				CLANG_WARN_DOCUMENTATION_COMMENTS = YES;
				CLANG_WARN_EMPTY_BODY = YES;
				CLANG_WARN_ENUM_CONVERSION = YES;
				CLANG_WARN_INFINITE_RECURSION = YES;
				CLANG_WARN_INT_CONVERSION = YES;
				CLANG_WARN_NON_LITERAL_NULL_CONVERSION = YES;
				CLANG_WARN_OBJC_IMPLICIT_RETAIN_SELF = YES;
				CLANG_WARN_OBJC_LITERAL_CONVERSION = YES;
				CLANG_WARN_OBJC_ROOT_CLASS = YES_ERROR;
				CLANG_WARN_RANGE_LOOP_ANALYSIS = YES;
				CLANG_WARN_STRICT_PROTOTYPES = YES;
				CLANG_WARN_SUSPICIOUS_MOVE = YES;
				CLANG_WARN_UNGUARDED_AVAILABILITY = YES_AGGRESSIVE;
				CLANG_WARN_UNREACHABLE_CODE = YES;
				CLANG_WARN__DUPLICATE_METHOD_MATCH = YES;
				CODE_SIGN_IDENTITY = "iPhone Developer";
				COPY_PHASE_STRIP = NO;
				DEBUG_INFORMATION_FORMAT = dwarf;
				ENABLE_STRICT_OBJC_MSGSEND = YES;
				ENABLE_TESTABILITY = YES;
				GCC_C_LANGUAGE_STANDARD = gnu11;
				GCC_DYNAMIC_NO_PIC = NO;
				GCC_NO_COMMON_BLOCKS = YES;
				GCC_OPTIMIZATION_LEVEL = 0;
				GCC_PREPROCESSOR_DEFINITIONS = (
					"DEBUG=1",
					"$(inherited)",
				);
				GCC_WARN_64_TO_32_BIT_CONVERSION = YES;
				GCC_WARN_ABOUT_RETURN_TYPE = YES_ERROR;
				GCC_WARN_UNDECLARED_SELECTOR = YES;
				GCC_WARN_UNINITIALIZED_AUTOS = YES_AGGRESSIVE;
				GCC_WARN_UNUSED_FUNCTION = YES;
				GCC_WARN_UNUSED_VARIABLE = YES;
				IPHONEOS_DEPLOYMENT_TARGET = 12.1;
				MTL_ENABLE_DEBUG_INFO = INCLUDE_SOURCE;
				MTL_FAST_MATH = YES;
				ONLY_ACTIVE_ARCH = YES;
				SDKROOT = iphoneos;
			};
			name = Debug;
		};
		7A12D968226080EC00D15182 /* Release */ = {
			isa = XCBuildConfiguration;
			buildSettings = {
				ALWAYS_SEARCH_USER_PATHS = NO;
				CLANG_ANALYZER_NONNULL = YES;
				CLANG_ANALYZER_NUMBER_OBJECT_CONVERSION = YES_AGGRESSIVE;
				CLANG_CXX_LANGUAGE_STANDARD = "gnu++14";
				CLANG_CXX_LIBRARY = "libc++";
				CLANG_ENABLE_MODULES = YES;
				CLANG_ENABLE_OBJC_ARC = YES;
				CLANG_ENABLE_OBJC_WEAK = YES;
				CLANG_WARN_BLOCK_CAPTURE_AUTORELEASING = YES;
				CLANG_WARN_BOOL_CONVERSION = YES;
				CLANG_WARN_COMMA = YES;
				CLANG_WARN_CONSTANT_CONVERSION = YES;
				CLANG_WARN_DEPRECATED_OBJC_IMPLEMENTATIONS = YES;
				CLANG_WARN_DIRECT_OBJC_ISA_USAGE = YES_ERROR;
				CLANG_WARN_DOCUMENTATION_COMMENTS = YES;
				CLANG_WARN_EMPTY_BODY = YES;
				CLANG_WARN_ENUM_CONVERSION = YES;
				CLANG_WARN_INFINITE_RECURSION = YES;
				CLANG_WARN_INT_CONVERSION = YES;
				CLANG_WARN_NON_LITERAL_NULL_CONVERSION = YES;
				CLANG_WARN_OBJC_IMPLICIT_RETAIN_SELF = YES;
				CLANG_WARN_OBJC_LITERAL_CONVERSION = YES;
				CLANG_WARN_OBJC_ROOT_CLASS = YES_ERROR;
				CLANG_WARN_RANGE_LOOP_ANALYSIS = YES;
				CLANG_WARN_STRICT_PROTOTYPES = YES;
				CLANG_WARN_SUSPICIOUS_MOVE = YES;
				CLANG_WARN_UNGUARDED_AVAILABILITY = YES_AGGRESSIVE;
				CLANG_WARN_UNREACHABLE_CODE = YES;
				CLANG_WARN__DUPLICATE_METHOD_MATCH = YES;
				CODE_SIGN_IDENTITY = "iPhone Developer";
				COPY_PHASE_STRIP = NO;
				DEBUG_INFORMATION_FORMAT = "dwarf-with-dsym";
				ENABLE_NS_ASSERTIONS = NO;
				ENABLE_STRICT_OBJC_MSGSEND = YES;
				GCC_C_LANGUAGE_STANDARD = gnu11;
				GCC_NO_COMMON_BLOCKS = YES;
				GCC_WARN_64_TO_32_BIT_CONVERSION = YES;
				GCC_WARN_ABOUT_RETURN_TYPE = YES_ERROR;
				GCC_WARN_UNDECLARED_SELECTOR = YES;
				GCC_WARN_UNINITIALIZED_AUTOS = YES_AGGRESSIVE;
				GCC_WARN_UNUSED_FUNCTION = YES;
				GCC_WARN_UNUSED_VARIABLE = YES;
				IPHONEOS_DEPLOYMENT_TARGET = 12.1;
				MTL_ENABLE_DEBUG_INFO = NO;
				MTL_FAST_MATH = YES;
				SDKROOT = iphoneos;
				VALIDATE_PRODUCT = YES;
			};
			name = Release;
		};
		7A12D96A226080EC00D15182 /* Debug */ = {
			isa = XCBuildConfiguration;
			buildSettings = {
				ASSETCATALOG_COMPILER_APPICON_NAME = AppIcon;
				CODE_SIGN_STYLE = Automatic;
				DEVELOPMENT_TEAM = P84Y4645A9;
				INFOPLIST_FILE = gifFileDemo/Info.plist;
				LD_RUNPATH_SEARCH_PATHS = (
					"$(inherited)",
					"@executable_path/Frameworks",
				);
				PRODUCT_BUNDLE_IDENTIFIER = zyy.gifFileDemo;
				PRODUCT_NAME = "$(TARGET_NAME)";
				TARGETED_DEVICE_FAMILY = "1,2";
			};
			name = Debug;
		};
		7A12D96B226080EC00D15182 /* Release */ = {
			isa = XCBuildConfiguration;
			buildSettings = {
				ASSETCATALOG_COMPILER_APPICON_NAME = AppIcon;
				CODE_SIGN_STYLE = Automatic;
				DEVELOPMENT_TEAM = P84Y4645A9;
				INFOPLIST_FILE = gifFileDemo/Info.plist;
				LD_RUNPATH_SEARCH_PATHS = (
					"$(inherited)",
					"@executable_path/Frameworks",
				);
				PRODUCT_BUNDLE_IDENTIFIER = zyy.gifFileDemo;
				PRODUCT_NAME = "$(TARGET_NAME)";
				TARGETED_DEVICE_FAMILY = "1,2";
			};
			name = Release;
		};
		7A12D96D226080EC00D15182 /* Debug */ = {
			isa = XCBuildConfiguration;
			buildSettings = {
				BUNDLE_LOADER = "$(TEST_HOST)";
				CODE_SIGN_STYLE = Automatic;
				INFOPLIST_FILE = gifFileDemoTests/Info.plist;
				LD_RUNPATH_SEARCH_PATHS = (
					"$(inherited)",
					"@executable_path/Frameworks",
					"@loader_path/Frameworks",
				);
				PRODUCT_BUNDLE_IDENTIFIER = zyy.gifFileDemoTests;
				PRODUCT_NAME = "$(TARGET_NAME)";
				TARGETED_DEVICE_FAMILY = "1,2";
				TEST_HOST = "$(BUILT_PRODUCTS_DIR)/gifFileDemo.app/gifFileDemo";
			};
			name = Debug;
		};
		7A12D96E226080EC00D15182 /* Release */ = {
			isa = XCBuildConfiguration;
			buildSettings = {
				BUNDLE_LOADER = "$(TEST_HOST)";
				CODE_SIGN_STYLE = Automatic;
				INFOPLIST_FILE = gifFileDemoTests/Info.plist;
				LD_RUNPATH_SEARCH_PATHS = (
					"$(inherited)",
					"@executable_path/Frameworks",
					"@loader_path/Frameworks",
				);
				PRODUCT_BUNDLE_IDENTIFIER = zyy.gifFileDemoTests;
				PRODUCT_NAME = "$(TARGET_NAME)";
				TARGETED_DEVICE_FAMILY = "1,2";
				TEST_HOST = "$(BUILT_PRODUCTS_DIR)/gifFileDemo.app/gifFileDemo";
			};
			name = Release;
		};
		7A12D970226080EC00D15182 /* Debug */ = {
			isa = XCBuildConfiguration;
			buildSettings = {
				CODE_SIGN_STYLE = Automatic;
				INFOPLIST_FILE = gifFileDemoUITests/Info.plist;
				LD_RUNPATH_SEARCH_PATHS = (
					"$(inherited)",
					"@executable_path/Frameworks",
					"@loader_path/Frameworks",
				);
				PRODUCT_BUNDLE_IDENTIFIER = zyy.gifFileDemoUITests;
				PRODUCT_NAME = "$(TARGET_NAME)";
				TARGETED_DEVICE_FAMILY = "1,2";
				TEST_TARGET_NAME = gifFileDemo;
			};
			name = Debug;
		};
		7A12D971226080EC00D15182 /* Release */ = {
			isa = XCBuildConfiguration;
			buildSettings = {
				CODE_SIGN_STYLE = Automatic;
				INFOPLIST_FILE = gifFileDemoUITests/Info.plist;
				LD_RUNPATH_SEARCH_PATHS = (
					"$(inherited)",
					"@executable_path/Frameworks",
					"@loader_path/Frameworks",
				);
				PRODUCT_BUNDLE_IDENTIFIER = zyy.gifFileDemoUITests;
				PRODUCT_NAME = "$(TARGET_NAME)";
				TARGETED_DEVICE_FAMILY = "1,2";
				TEST_TARGET_NAME = gifFileDemo;
			};
			name = Release;
		};
/* End XCBuildConfiguration section */

/* Begin XCConfigurationList section */
		7A12D938226080EA00D15182 /* Build configuration list for PBXProject "gifFileDemo" */ = {
			isa = XCConfigurationList;
			buildConfigurations = (
				7A12D967226080EC00D15182 /* Debug */,
				7A12D968226080EC00D15182 /* Release */,
			);
			defaultConfigurationIsVisible = 0;
			defaultConfigurationName = Release;
		};
		7A12D969226080EC00D15182 /* Build configuration list for PBXNativeTarget "gifFileDemo" */ = {
			isa = XCConfigurationList;
			buildConfigurations = (
				7A12D96A226080EC00D15182 /* Debug */,
				7A12D96B226080EC00D15182 /* Release */,
			);
			defaultConfigurationIsVisible = 0;
			defaultConfigurationName = Release;
		};
		7A12D96C226080EC00D15182 /* Build configuration list for PBXNativeTarget "gifFileDemoTests" */ = {
			isa = XCConfigurationList;
			buildConfigurations = (
				7A12D96D226080EC00D15182 /* Debug */,
				7A12D96E226080EC00D15182 /* Release */,
			);
			defaultConfigurationIsVisible = 0;
			defaultConfigurationName = Release;
		};
		7A12D96F226080EC00D15182 /* Build configuration list for PBXNativeTarget "gifFileDemoUITests" */ = {
			isa = XCConfigurationList;
			buildConfigurations = (
				7A12D970226080EC00D15182 /* Debug */,
				7A12D971226080EC00D15182 /* Release */,
			);
			defaultConfigurationIsVisible = 0;
			defaultConfigurationName = Release;
		};
/* End XCConfigurationList section */
	};
	rootObject = 7A12D935226080EA00D15182 /* Project object */;
}
